{
  "name": "vite-project",
  "version": "0.0.0",
  "lockfileVersion": 1,
  "requires": true,
  "dependencies": {
    "@babel/helper-validator-identifier": {
      "version": "7.12.11",
      "resolved": "http://nodepackages.hellobike.cn:4873/@babel%2fhelper-validator-identifier/-/helper-validator-identifier-7.12.11.tgz",
      "integrity": "sha1-yaHwIZF9y1zPDU5FPjmQIpgfye0="
    },
    "@babel/parser": {
      "version": "7.13.13",
      "resolved": "http://nodepackages.hellobike.cn:4873/@babel%2fparser/-/parser-7.13.13.tgz",
      "integrity": "sha1-QvA4YvSu1QRh5UMnCRa0fdUB8N8="
    },
    "@babel/types": {
      "version": "7.13.14",
      "resolved": "http://nodepackages.hellobike.cn:4873/@babel%2ftypes/-/types-7.13.14.tgz",
      "integrity": "sha1-w1pKuxXHzUWidG14qzKONiy6zg0=",
      "requires": {
        "@babel/helper-validator-identifier": "^7.12.11",
        "lodash": "^4.17.19",
        "to-fast-properties": "^2.0.0"
      }
    },
    "@vitejs/plugin-vue": {
      "version": "1.2.1",
      "resolved": "http://nodepackages.hellobike.cn:4873/@vitejs%2fplugin-vue/-/plugin-vue-1.2.1.tgz",
      "integrity": "sha1-beSUNvw0b4KaVmdgZkKOPwEVIqw=",
      "dev": true
    },
    "@vue/compiler-core": {
      "version": "3.0.10",
      "resolved": "http://nodepackages.hellobike.cn:4873/@vue%2fcompiler-core/-/compiler-core-3.0.10.tgz",
      "integrity": "sha1-ztkhIMa5ure2xE3+Xj5c8upCJTE=",
      "requires": {
        "@babel/parser": "^7.12.0",
        "@babel/types": "^7.12.0",
        "@vue/shared": "3.0.10",
        "estree-walker": "^2.0.1",
        "source-map": "^0.6.1"
      }
    },
    "@vue/compiler-dom": {
      "version": "3.0.10",
      "resolved": "http://nodepackages.hellobike.cn:4873/@vue%2fcompiler-dom/-/compiler-dom-3.0.10.tgz",
      "integrity": "sha1-WdNZdJjn1LC5LziGqCP5nVsI8f4=",
      "requires": {
        "@vue/compiler-core": "3.0.10",
        "@vue/shared": "3.0.10"
      }
    },
    "@vue/compiler-sfc": {
      "version": "3.0.10",
      "resolved": "http://nodepackages.hellobike.cn:4873/@vue%2fcompiler-sfc/-/compiler-sfc-3.0.10.tgz",
      "integrity": "sha1-3mvJvn9asdlEBIqb4Exyw1cdQyE=",
      "dev": true,
      "requires": {
        "@babel/parser": "^7.13.9",
        "@babel/types": "^7.13.0",
        "@vue/compiler-core": "3.0.10",
        "@vue/compiler-dom": "3.0.10",
        "@vue/compiler-ssr": "3.0.10",
        "@vue/shared": "3.0.10",
        "consolidate": "^0.16.0",
        "estree-walker": "^2.0.1",
        "hash-sum": "^2.0.0",
        "lru-cache": "^5.1.1",
        "magic-string": "^0.25.7",
        "merge-source-map": "^1.1.0",
        "postcss": "^8.1.10",
        "postcss-modules": "^4.0.0",
        "postcss-selector-parser": "^6.0.4",
        "source-map": "^0.6.1"
      }
    },
    "@vue/compiler-ssr": {
      "version": "3.0.10",
      "resolved": "http://nodepackages.hellobike.cn:4873/@vue%2fcompiler-ssr/-/compiler-ssr-3.0.10.tgz",
      "integrity": "sha1-bMxke9pJwPwcoQAhnpxxJo4EgSA=",
      "dev": true,
      "requires": {
        "@vue/compiler-dom": "3.0.10",
        "@vue/shared": "3.0.10"
      }
    },
    "@vue/reactivity": {
      "version": "3.0.10",
      "resolved": "http://nodepackages.hellobike.cn:4873/@vue%2freactivity/-/reactivity-3.0.10.tgz",
      "integrity": "sha1-ASgwczKR5ggn87Io1CWtU7g0hM4=",
      "requires": {
        "@vue/shared": "3.0.10"
      }
    },
    "@vue/runtime-core": {
      "version": "3.0.10",
      "resolved": "http://nodepackages.hellobike.cn:4873/@vue%2fruntime-core/-/runtime-core-3.0.10.tgz",
      "integrity": "sha1-y4cwwOyG6lwc+nAfrMCpe/WbFaI=",
      "requires": {
        "@vue/reactivity": "3.0.10",
        "@vue/shared": "3.0.10"
      }
    },
    "@vue/runtime-dom": {
      "version": "3.0.10",
      "resolved": "http://nodepackages.hellobike.cn:4873/@vue%2fruntime-dom/-/runtime-dom-3.0.10.tgz",
      "integrity": "sha1-gMbuKMrqv3TzE1fSxk0XeUW9il8=",
      "requires": {
        "@vue/runtime-core": "3.0.10",
        "@vue/shared": "3.0.10",
        "csstype": "^2.6.8"
      }
    },
    "@vue/shared": {
      "version": "3.0.10",
      "resolved": "http://nodepackages.hellobike.cn:4873/@vue%2fshared/-/shared-3.0.10.tgz",
      "integrity": "sha1-VHbVYV0BvzOcZcLoBPWQm7wnhEo="
    },
    "big.js": {
      "version": "5.2.2",
      "resolved": "http://nodepackages.hellobike.cn:4873/big.js/-/big.js-5.2.2.tgz",
      "integrity": "sha1-ZfCvOC9Xi83HQr2cKB6cstd2gyg=",
      "dev": true
    },
    "bluebird": {
      "version": "3.7.2",
      "resolved": "http://nodepackages.hellobike.cn:4873/bluebird/-/bluebird-3.7.2.tgz",
      "integrity": "sha1-nyKcFb4nJFT/qXOs4NvueaGww28=",
      "dev": true
    },
    "colorette": {
      "version": "1.2.2",
      "resolved": "http://nodepackages.hellobike.cn:4873/colorette/-/colorette-1.2.2.tgz",
      "integrity": "sha1-y8x51emcrqLb8Q6zom/Ys+as+pQ=",
      "dev": true
    },
    "consolidate": {
      "version": "0.16.0",
      "resolved": "http://nodepackages.hellobike.cn:4873/consolidate/-/consolidate-0.16.0.tgz",
      "integrity": "sha1-oRhkdokw8vGUMWYKZZBmaPX73BY=",
      "dev": true,
      "requires": {
        "bluebird": "^3.7.2"
      }
    },
    "cssesc": {
      "version": "3.0.0",
      "resolved": "http://nodepackages.hellobike.cn:4873/cssesc/-/cssesc-3.0.0.tgz",
      "integrity": "sha1-N3QZGZA7hoVl4cCep0dEXNGJg+4=",
      "dev": true
    },
    "csstype": {
      "version": "2.6.16",
      "resolved": "http://nodepackages.hellobike.cn:4873/csstype/-/csstype-2.6.16.tgz",
      "integrity": "sha1-VE1p9UcBO4WkDRW/912zjzT+nDk="
    },
    "emojis-list": {
      "version": "3.0.0",
      "resolved": "http://nodepackages.hellobike.cn:4873/emojis-list/-/emojis-list-3.0.0.tgz",
      "integrity": "sha1-VXBmIEatKeLpFucariYKvf9Pang=",
      "dev": true
    },
    "esbuild": {
      "version": "0.9.7",
      "resolved": "http://nodepackages.hellobike.cn:4873/esbuild/-/esbuild-0.9.7.tgz",
      "integrity": "sha1-6g1jnL5LiOwl++1Nb/AMjXiO9ws=",
      "dev": true
    },
    "estree-walker": {
      "version": "2.0.2",
      "resolved": "http://nodepackages.hellobike.cn:4873/estree-walker/-/estree-walker-2.0.2.tgz",
      "integrity": "sha1-UvAQF4wqTBF6d1fP6UKtt9LaTKw="
    },
    "fsevents": {
      "version": "2.3.2",
      "resolved": "http://nodepackages.hellobike.cn:4873/fsevents/-/fsevents-2.3.2.tgz",
      "integrity": "sha1-ilJveLj99GI7cJ4Ll1xSwkwC/Ro=",
      "dev": true,
      "optional": true
    },
    "function-bind": {
      "version": "1.1.1",
      "resolved": "http://nodepackages.hellobike.cn:4873/function-bind/-/function-bind-1.1.1.tgz",
      "integrity": "sha1-pWiZ0+o8m6uHS7l3O3xe3pL0iV0=",
      "dev": true
    },
    "generic-names": {
      "version": "2.0.1",
      "resolved": "http://nodepackages.hellobike.cn:4873/generic-names/-/generic-names-2.0.1.tgz",
      "integrity": "sha1-+KN46tLMqno08DF7BVVIMq5BuHI=",
      "dev": true,
      "requires": {
        "loader-utils": "^1.1.0"
      }
    },
    "has": {
      "version": "1.0.3",
      "resolved": "http://nodepackages.hellobike.cn:4873/has/-/has-1.0.3.tgz",
      "integrity": "sha1-ci18v8H2qoJB8W3YFOAR4fQeh5Y=",
      "dev": true,
      "requires": {
        "function-bind": "^1.1.1"
      }
    },
    "hash-sum": {
      "version": "2.0.0",
      "resolved": "http://nodepackages.hellobike.cn:4873/hash-sum/-/hash-sum-2.0.0.tgz",
      "integrity": "sha1-gdAbtd6OpKIUrV1urRtSNGCwtFo=",
      "dev": true
    },
    "icss-replace-symbols": {
      "version": "1.1.0",
      "resolved": "http://nodepackages.hellobike.cn:4873/icss-replace-symbols/-/icss-replace-symbols-1.1.0.tgz",
      "integrity": "sha1-Bupvg2ead0njhs/h/oEq5dsiPe0=",
      "dev": true
    },
    "icss-utils": {
      "version": "5.1.0",
      "resolved": "http://nodepackages.hellobike.cn:4873/icss-utils/-/icss-utils-5.1.0.tgz",
      "integrity": "sha1-xr5oWKvQE9do6YNmrkfiXViHsa4=",
      "dev": true
    },
    "indexes-of": {
      "version": "1.0.1",
      "resolved": "http://nodepackages.hellobike.cn:4873/indexes-of/-/indexes-of-1.0.1.tgz",
      "integrity": "sha1-8w9xbI4r00bHtn0985FVZqfAVgc=",
      "dev": true
    },
    "is-core-module": {
      "version": "2.2.0",
      "resolved": "http://nodepackages.hellobike.cn:4873/is-core-module/-/is-core-module-2.2.0.tgz",
      "integrity": "sha1-lwN+89UiJNhRY/VZeytj2a/tmBo=",
      "dev": true,
      "requires": {
        "has": "^1.0.3"
      }
    },
    "json5": {
      "version": "1.0.1",
      "resolved": "http://nodepackages.hellobike.cn:4873/json5/-/json5-1.0.1.tgz",
      "integrity": "sha1-d5+wAYYE+oVOrL9iUhgNg1Q+Pb4=",
      "dev": true,
      "requires": {
        "minimist": "^1.2.0"
      }
    },
    "loader-utils": {
      "version": "1.4.0",
      "resolved": "http://nodepackages.hellobike.cn:4873/loader-utils/-/loader-utils-1.4.0.tgz",
      "integrity": "sha1-xXm140yzSxp07cbB+za/o3HVphM=",
      "dev": true,
      "requires": {
        "big.js": "^5.2.2",
        "emojis-list": "^3.0.0",
        "json5": "^1.0.1"
      }
    },
    "lodash": {
      "version": "4.17.21",
      "resolved": "http://nodepackages.hellobike.cn:4873/lodash/-/lodash-4.17.21.tgz",
      "integrity": "sha1-Z5WRxWTDv/quhFTPCz3zcMPWkRw="
    },
    "lodash.camelcase": {
      "version": "4.3.0",
      "resolved": "http://nodepackages.hellobike.cn:4873/lodash.camelcase/-/lodash.camelcase-4.3.0.tgz",
      "integrity": "sha1-soqmKIorn8ZRA1x3EfZathkDMaY=",
      "dev": true
    },
    "lru-cache": {
      "version": "5.1.1",
      "resolved": "http://nodepackages.hellobike.cn:4873/lru-cache/-/lru-cache-5.1.1.tgz",
      "integrity": "sha1-HaJ+ZxAnGUdpXa9oSOhH8B2EuSA=",
      "dev": true,
      "requires": {
        "yallist": "^3.0.2"
      }
    },
    "magic-string": {
      "version": "0.25.7",
      "resolved": "http://nodepackages.hellobike.cn:4873/magic-string/-/magic-string-0.25.7.tgz",
      "integrity": "sha1-P0l9b9NMZpxnmNy4IfLvMfVEUFE=",
      "dev": true,
      "requires": {
        "sourcemap-codec": "^1.4.4"
      }
    },
    "merge-source-map": {
      "version": "1.1.0",
      "resolved": "http://nodepackages.hellobike.cn:4873/merge-source-map/-/merge-source-map-1.1.0.tgz",
      "integrity": "sha1-L93n5gIJOfcJBqaPLXrmheTIxkY=",
      "dev": true,
      "requires": {
        "source-map": "^0.6.1"
      }
    },
    "minimist": {
      "version": "1.2.5",
      "resolved": "http://nodepackages.hellobike.cn:4873/minimist/-/minimist-1.2.5.tgz",
      "integrity": "sha1-Z9ZgFLZqaoqqDAg8X9WN9OTpdgI=",
      "dev": true
    },
    "path-parse": {
      "version": "1.0.6",
      "resolved": "http://nodepackages.hellobike.cn:4873/path-parse/-/path-parse-1.0.6.tgz",
      "integrity": "sha1-1i27VnlAXXLEc37FhgDp3c8G0kw=",
      "dev": true
    },
    "postcss": {
      "version": "8.2.15",
      "resolved": "https://registry.npmjs.org/postcss/-/postcss-8.2.15.tgz",
      "integrity": "sha512-2zO3b26eJD/8rb106Qu2o7Qgg52ND5HPjcyQiK2B98O388h43A448LCslC0dI2P97wCAQRJsFvwTRcXxTKds+Q==",
      "dev": true,
      "requires": {
        "colorette": "^1.2.2",
        "nanoid": "^3.1.23",
        "source-map": "^0.6.1"
      },
      "dependencies": {
        "nanoid": {
          "version": "3.1.23",
          "resolved": "https://registry.npmjs.org/nanoid/-/nanoid-3.1.23.tgz",
          "integrity": "sha512-FiB0kzdP0FFVGDKlRLEQ1BgDzU87dy5NnzjeW9YZNt+/c3+q82EQDUwniSAUxp/F0gFNI1ZhKU1FqYsMuqZVnw==",
          "dev": true
        }
      }
    },
    "postcss-modules": {
      "version": "4.0.0",
      "resolved": "http://nodepackages.hellobike.cn:4873/postcss-modules/-/postcss-modules-4.0.0.tgz",
      "integrity": "sha1-K8fydquI8/Gw+t9svXdy1DtfO5s=",
      "dev": true,
      "requires": {
        "generic-names": "^2.0.1",
        "icss-replace-symbols": "^1.1.0",
        "lodash.camelcase": "^4.3.0",
        "postcss-modules-extract-imports": "^3.0.0",
        "postcss-modules-local-by-default": "^4.0.0",
        "postcss-modules-scope": "^3.0.0",
        "postcss-modules-values": "^4.0.0",
        "string-hash": "^1.1.1"
      }
    },
    "postcss-modules-extract-imports": {
      "version": "3.0.0",
      "resolved": "http://nodepackages.hellobike.cn:4873/postcss-modules-extract-imports/-/postcss-modules-extract-imports-3.0.0.tgz",
      "integrity": "sha1-zaHwR8CugMl9vijD52pDuIAldB0=",
      "dev": true
    },
    "postcss-modules-local-by-default": {
      "version": "4.0.0",
      "resolved": "http://nodepackages.hellobike.cn:4873/postcss-modules-local-by-default/-/postcss-modules-local-by-default-4.0.0.tgz",
      "integrity": "sha1-67tU+uFZjuz99pGgKz/zs5ClpRw=",
      "dev": true,
      "requires": {
        "icss-utils": "^5.0.0",
        "postcss-selector-parser": "^6.0.2",
        "postcss-value-parser": "^4.1.0"
      }
    },
    "postcss-modules-scope": {
      "version": "3.0.0",
      "resolved": "http://nodepackages.hellobike.cn:4873/postcss-modules-scope/-/postcss-modules-scope-3.0.0.tgz",
      "integrity": "sha1-nvMVFFbTu/oSDKRImN/Kby+gHwY=",
      "dev": true,
      "requires": {
        "postcss-selector-parser": "^6.0.4"
      }
    },
    "postcss-modules-values": {
      "version": "4.0.0",
      "resolved": "http://nodepackages.hellobike.cn:4873/postcss-modules-values/-/postcss-modules-values-4.0.0.tgz",
      "integrity": "sha1-18Xn5ow7s8myfL9Iyguz/7RgLJw=",
      "dev": true,
      "requires": {
        "icss-utils": "^5.0.0"
      }
    },
    "postcss-selector-parser": {
      "version": "6.0.4",
      "resolved": "http://nodepackages.hellobike.cn:4873/postcss-selector-parser/-/postcss-selector-parser-6.0.4.tgz",
      "integrity": "sha1-VgdaE4CgRgTDiwY+p3Z6Epr1wrM=",
      "dev": true,
      "requires": {
        "cssesc": "^3.0.0",
        "indexes-of": "^1.0.1",
        "uniq": "^1.0.1",
        "util-deprecate": "^1.0.2"
      }
    },
    "postcss-value-parser": {
      "version": "4.1.0",
      "resolved": "http://nodepackages.hellobike.cn:4873/postcss-value-parser/-/postcss-value-parser-4.1.0.tgz",
      "integrity": "sha1-RD9qIM7WSBor2k+oUypuVdeJoss=",
      "dev": true
    },
    "resolve": {
      "version": "1.20.0",
      "resolved": "http://nodepackages.hellobike.cn:4873/resolve/-/resolve-1.20.0.tgz",
      "integrity": "sha1-YpoBP7P3B1XW8LeTXMHCxTeLGXU=",
      "dev": true,
      "requires": {
        "is-core-module": "^2.2.0",
        "path-parse": "^1.0.6"
      }
    },
    "rollup": {
      "version": "2.44.0",
      "resolved": "http://nodepackages.hellobike.cn:4873/rollup/-/rollup-2.44.0.tgz",
      "integrity": "sha1-jaMk0cT9Er7vmubhL0BoJlttles=",
      "dev": true,
      "requires": {
        "fsevents": "~2.3.1"
      }
    },
    "source-map": {
      "version": "0.6.1",
      "resolved": "http://nodepackages.hellobike.cn:4873/source-map/-/source-map-0.6.1.tgz",
      "integrity": "sha512-UjgapumWlbMhkBgzT7Ykc5YXUT46F0iKu8SGXq0bcwP5dz/h0Plj6enJqjz1Zbq2l5WaqYnrVbwWOWMyF3F47g=="
    },
    "sourcemap-codec": {
      "version": "1.4.8",
      "resolved": "http://nodepackages.hellobike.cn:4873/sourcemap-codec/-/sourcemap-codec-1.4.8.tgz",
      "integrity": "sha1-6oBL2UhXQC5pktBaOO8a41qatMQ=",
      "dev": true
    },
    "string-hash": {
      "version": "1.1.3",
      "resolved": "http://nodepackages.hellobike.cn:4873/string-hash/-/string-hash-1.1.3.tgz",
      "integrity": "sha1-6Kr8CsGFW0Zmkp7X3RJ1311sgRs=",
      "dev": true
    },
    "to-fast-properties": {
      "version": "2.0.0",
      "resolved": "http://nodepackages.hellobike.cn:4873/to-fast-properties/-/to-fast-properties-2.0.0.tgz",
      "integrity": "sha1-3F5pjL0HkmW8c+A3doGk5Og/YW4="
    },
    "uniq": {
      "version": "1.0.1",
      "resolved": "http://nodepackages.hellobike.cn:4873/uniq/-/uniq-1.0.1.tgz",
      "integrity": "sha1-sxxa6CVIRKOoKBVBzisEuGWnNP8=",
      "dev": true
    },
    "util-deprecate": {
      "version": "1.0.2",
      "resolved": "http://nodepackages.hellobike.cn:4873/util-deprecate/-/util-deprecate-1.0.2.tgz",
      "integrity": "sha1-RQ1Nyfpw3nMnYvvS1KKJgUGaDM8=",
      "dev": true
    },
    "vite": {
      "version": "2.1.5",
      "resolved": "http://nodepackages.hellobike.cn:4873/vite/-/vite-2.1.5.tgz",
      "integrity": "sha1-SFfaRBxi95gsg8vV9CoAMw8gycE=",
      "dev": true,
      "requires": {
        "esbuild": "^0.9.3",
        "fsevents": "~2.3.1",
        "postcss": "^8.2.1",
        "resolve": "^1.19.0",
        "rollup": "^2.38.5"
      }
    },
    "vue": {
      "version": "3.0.10",
      "resolved": "http://nodepackages.hellobike.cn:4873/vue/-/vue-3.0.10.tgz",
      "integrity": "sha1-tdKAHGrA51bIUK16j5p4y8y60Co=",
      "requires": {
        "@vue/compiler-dom": "3.0.10",
        "@vue/runtime-dom": "3.0.10",
        "@vue/shared": "3.0.10"
      }
    },
    "vue-router": {
      "version": "4.0.5",
      "resolved": "http://nodepackages.hellobike.cn:4873/vue-router/-/vue-router-4.0.5.tgz",
      "integrity": "sha1-3QpBNLyVDDeu9kuXPp7hAIQo2Po="
    },
    "yallist": {
      "version": "3.1.1",
      "resolved": "http://nodepackages.hellobike.cn:4873/yallist/-/yallist-3.1.1.tgz",
      "integrity": "sha1-27fa+b/YusmrRev2ArjLrQ1dCP0=",
      "dev": true
    }
  }
}
